// !$*UTF8*$!
{
	archiveVersion = 1;
	classes = {
	};
	objectVersion = 46;
	objects = {

/* Begin PBXBuildFile section */
		F192F4E11973FD4800EEBF7A /* Foundation.framework in Frameworks */ = {isa = PBXBuildFile; fileRef = F192F4E01973FD4800EEBF7A /* Foundation.framework */; };
		F192F4E31973FD4800EEBF7A /* CoreGraphics.framework in Frameworks */ = {isa = PBXBuildFile; fileRef = F192F4E21973FD4800EEBF7A /* CoreGraphics.framework */; };
		F192F4E51973FD4800EEBF7A /* UIKit.framework in Frameworks */ = {isa = PBXBuildFile; fileRef = F192F4E41973FD4800EEBF7A /* UIKit.framework */; };
		F192F4EB1973FD4800EEBF7A /* InfoPlist.strings in Resources */ = {isa = PBXBuildFile; fileRef = F192F4E91973FD4800EEBF7A /* InfoPlist.strings */; };
		F192F4ED1973FD4800EEBF7A /* main.m in Sources */ = {isa = PBXBuildFile; fileRef = F192F4EC1973FD4800EEBF7A /* main.m */; };
		F192F4F11973FD4800EEBF7A /* AppDelegate.m in Sources */ = {isa = PBXBuildFile; fileRef = F192F4F01973FD4800EEBF7A /* AppDelegate.m */; };
		F192F4F41973FD4800EEBF7A /* Main.storyboard in Resources */ = {isa = PBXBuildFile; fileRef = F192F4F21973FD4800EEBF7A /* Main.storyboard */; };
		F192F4F71973FD4800EEBF7A /* ViewController.m in Sources */ = {isa = PBXBuildFile; fileRef = F192F4F61973FD4800EEBF7A /* ViewController.m */; };
		F192F4F91973FD4800EEBF7A /* Images.xcassets in Resources */ = {isa = PBXBuildFile; fileRef = F192F4F81973FD4800EEBF7A /* Images.xcassets */; };
		F192F5001973FD4900EEBF7A /* XCTest.framework in Frameworks */ = {isa = PBXBuildFile; fileRef = F192F4FF1973FD4900EEBF7A /* XCTest.framework */; };
		F192F5011973FD4900EEBF7A /* Foundation.framework in Frameworks */ = {isa = PBXBuildFile; fileRef = F192F4E01973FD4800EEBF7A /* Foundation.framework */; };
		F192F5021973FD4900EEBF7A /* UIKit.framework in Frameworks */ = {isa = PBXBuildFile; fileRef = F192F4E41973FD4800EEBF7A /* UIKit.framework */; };
		F192F50A1973FD4900EEBF7A /* InfoPlist.strings in Resources */ = {isa = PBXBuildFile; fileRef = F192F5081973FD4900EEBF7A /* InfoPlist.strings */; };
		F192F50C1973FD4900EEBF7A /* PageControlDemoTests.m in Sources */ = {isa = PBXBuildFile; fileRef = F192F50B1973FD4900EEBF7A /* PageControlDemoTests.m */; };
		F192F5171973FD6C00EEBF7A /* GrayPageControl.m in Sources */ = {isa = PBXBuildFile; fileRef = F192F5161973FD6C00EEBF7A /* GrayPageControl.m */; };
		F192F51A1973FD9C00EEBF7A /* inactive_page_image.png in Resources */ = {isa = PBXBuildFile; fileRef = F192F5181973FD9C00EEBF7A /* inactive_page_image.png */; };
		F192F51B1973FD9C00EEBF7A /* inactive_page_image@2x.png in Resources */ = {isa = PBXBuildFile; fileRef = F192F5191973FD9C00EEBF7A /* inactive_page_image@2x.png */; };
		F192F5621974086B00EEBF7A /* active_page_image.png in Resources */ = {isa = PBXBuildFile; fileRef = F192F5601974086B00EEBF7A /* active_page_image.png */; };
		F192F5631974086B00EEBF7A /* active_page_image@2x.png in Resources */ = {isa = PBXBuildFile; fileRef = F192F5611974086B00EEBF7A /* active_page_image@2x.png */; };
/* End PBXBuildFile section */

/* Begin PBXContainerItemProxy section */
		F192F5031973FD4900EEBF7A /* PBXContainerItemProxy */ = {
			isa = PBXContainerItemProxy;
			containerPortal = F192F4D51973FD4800EEBF7A /* Project object */;
			proxyType = 1;
			remoteGlobalIDString = F192F4DC1973FD4800EEBF7A;
			remoteInfo = PageControlDemo;
		};
/* End PBXContainerItemProxy section */

/* Begin PBXFileReference section */
		F192F4DD1973FD4800EEBF7A /* PageControlDemo.app */ = {isa = PBXFileReference; explicitFileType = wrapper.application; includeInIndex = 0; path = PageControlDemo.app; sourceTree = BUILT_PRODUCTS_DIR; };
		F192F4E01973FD4800EEBF7A /* Foundation.framework */ = {isa = PBXFileReference; lastKnownFileType = wrapper.framework; name = Foundation.framework; path = System/Library/Frameworks/Foundation.framework; sourceTree = SDKROOT; };
		F192F4E21973FD4800EEBF7A /* CoreGraphics.framework */ = {isa = PBXFileReference; lastKnownFileType = wrapper.framework; name = CoreGraphics.framework; path = System/Library/Frameworks/CoreGraphics.framework; sourceTree = SDKROOT; };
		F192F4E41973FD4800EEBF7A /* UIKit.framework */ = {isa = PBXFileReference; lastKnownFileType = wrapper.framework; name = UIKit.framework; path = System/Library/Frameworks/UIKit.framework; sourceTree = SDKROOT; };
		F192F4E81973FD4800EEBF7A /* PageControlDemo-Info.plist */ = {isa = PBXFileReference; lastKnownFileType = text.plist.xml; path = "PageControlDemo-Info.plist"; sourceTree = "<group>"; };
		F192F4EA1973FD4800EEBF7A /* en */ = {isa = PBXFileReference; lastKnownFileType = text.plist.strings; name = en; path = en.lproj/InfoPlist.strings; sourceTree = "<group>"; };
		F192F4EC1973FD4800EEBF7A /* main.m */ = {isa = PBXFileReference; lastKnownFileType = sourcecode.c.objc; path = main.m; sourceTree = "<group>"; };
		F192F4EE1973FD4800EEBF7A /* PageControlDemo-Prefix.pch */ = {isa = PBXFileReference; lastKnownFileType = sourcecode.c.h; path = "PageControlDemo-Prefix.pch"; sourceTree = "<group>"; };
		F192F4EF1973FD4800EEBF7A /* AppDelegate.h */ = {isa = PBXFileReference; lastKnownFileType = sourcecode.c.h; path = AppDelegate.h; sourceTree = "<group>"; };
		F192F4F01973FD4800EEBF7A /* AppDelegate.m */ = {isa = PBXFileReference; lastKnownFileType = sourcecode.c.objc; path = AppDelegate.m; sourceTree = "<group>"; };
		F192F4F31973FD4800EEBF7A /* Base */ = {isa = PBXFileReference; lastKnownFileType = file.storyboard; name = Base; path = Base.lproj/Main.storyboard; sourceTree = "<group>"; };
		F192F4F51973FD4800EEBF7A /* ViewController.h */ = {isa = PBXFileReference; lastKnownFileType = sourcecode.c.h; path = ViewController.h; sourceTree = "<group>"; };
		F192F4F61973FD4800EEBF7A /* ViewController.m */ = {isa = PBXFileReference; lastKnownFileType = sourcecode.c.objc; path = ViewController.m; sourceTree = "<group>"; };
		F192F4F81973FD4800EEBF7A /* Images.xcassets */ = {isa = PBXFileReference; lastKnownFileType = folder.assetcatalog; path = Images.xcassets; sourceTree = "<group>"; };
		F192F4FE1973FD4900EEBF7A /* PageControlDemoTests.xctest */ = {isa = PBXFileReference; explicitFileType = wrapper.cfbundle; includeInIndex = 0; path = PageControlDemoTests.xctest; sourceTree = BUILT_PRODUCTS_DIR; };
		F192F4FF1973FD4900EEBF7A /* XCTest.framework */ = {isa = PBXFileReference; lastKnownFileType = wrapper.framework; name = XCTest.framework; path = Library/Frameworks/XCTest.framework; sourceTree = DEVELOPER_DIR; };
		F192F5071973FD4900EEBF7A /* PageControlDemoTests-Info.plist */ = {isa = PBXFileReference; lastKnownFileType = text.plist.xml; path = "PageControlDemoTests-Info.plist"; sourceTree = "<group>"; };
		F192F5091973FD4900EEBF7A /* en */ = {isa = PBXFileReference; lastKnownFileType = text.plist.strings; name = en; path = en.lproj/InfoPlist.strings; sourceTree = "<group>"; };
		F192F50B1973FD4900EEBF7A /* PageControlDemoTests.m */ = {isa = PBXFileReference; lastKnownFileType = sourcecode.c.objc; path = PageControlDemoTests.m; sourceTree = "<group>"; };
		F192F5151973FD6C00EEBF7A /* GrayPageControl.h */ = {isa = PBXFileReference; fileEncoding = 4; lastKnownFileType = sourcecode.c.h; path = GrayPageControl.h; sourceTree = "<group>"; };
		F192F5161973FD6C00EEBF7A /* GrayPageControl.m */ = {isa = PBXFileReference; fileEncoding = 4; lastKnownFileType = sourcecode.c.objc; path = GrayPageControl.m; sourceTree = "<group>"; };
		F192F5181973FD9C00EEBF7A /* inactive_page_image.png */ = {isa = PBXFileReference; lastKnownFileType = image.png; path = inactive_page_image.png; sourceTree = "<group>"; };
		F192F5191973FD9C00EEBF7A /* inactive_page_image@2x.png */ = {isa = PBXFileReference; lastKnownFileType = image.png; path = "inactive_page_image@2x.png"; sourceTree = "<group>"; };
		F192F5601974086B00EEBF7A /* active_page_image.png */ = {isa = PBXFileReference; lastKnownFileType = image.png; path = active_page_image.png; sourceTree = "<group>"; };
		F192F5611974086B00EEBF7A /* active_page_image@2x.png */ = {isa = PBXFileReference; lastKnownFileType = image.png; path = "active_page_image@2x.png"; sourceTree = "<group>"; };
/* End PBXFileReference section */

/* Begin PBXFrameworksBuildPhase section */
		F192F4DA1973FD4800EEBF7A /* Frameworks */ = {
			isa = PBXFrameworksBuildPhase;
			buildActionMask = 2147483647;
			files = (
				F192F4E31973FD4800EEBF7A /* CoreGraphics.framework in Frameworks */,
				F192F4E51973FD4800EEBF7A /* UIKit.framework in Frameworks */,
				F192F4E11973FD4800EEBF7A /* Foundation.framework in Frameworks */,
			);
			runOnlyForDeploymentPostprocessing = 0;
		};
		F192F4FB1973FD4900EEBF7A /* Frameworks */ = {
			isa = PBXFrameworksBuildPhase;
			buildActionMask = 2147483647;
			files = (
				F192F5001973FD4900EEBF7A /* XCTest.framework in Frameworks */,
				F192F5021973FD4900EEBF7A /* UIKit.framework in Frameworks */,
				F192F5011973FD4900EEBF7A /* Foundation.framework in Frameworks */,
			);
			runOnlyForDeploymentPostprocessing = 0;
		};
/* End PBXFrameworksBuildPhase section */

/* Begin PBXGroup section */
		F192F4D41973FD4800EEBF7A = {
			isa = PBXGroup;
			children = (
				F192F4E61973FD4800EEBF7A /* PageControlDemo */,
				F192F5051973FD4900EEBF7A /* PageControlDemoTests */,
				F192F4DF1973FD4800EEBF7A /* Frameworks */,
				F192F4DE1973FD4800EEBF7A /* Products */,
			);
			sourceTree = "<group>";
		};
		F192F4DE1973FD4800EEBF7A /* Products */ = {
			isa = PBXGroup;
			children = (
				F192F4DD1973FD4800EEBF7A /* PageControlDemo.app */,
				F192F4FE1973FD4900EEBF7A /* PageControlDemoTests.xctest */,
			);
			name = Products;
			sourceTree = "<group>";
		};
		F192F4DF1973FD4800EEBF7A /* Frameworks */ = {
			isa = PBXGroup;
			children = (
				F192F4E01973FD4800EEBF7A /* Foundation.framework */,
				F192F4E21973FD4800EEBF7A /* CoreGraphics.framework */,
				F192F4E41973FD4800EEBF7A /* UIKit.framework */,
				F192F4FF1973FD4900EEBF7A /* XCTest.framework */,
			);
			name = Frameworks;
			sourceTree = "<group>";
		};
		F192F4E61973FD4800EEBF7A /* PageControlDemo */ = {
			isa = PBXGroup;
			children = (
				F192F4EF1973FD4800EEBF7A /* AppDelegate.h */,
				F192F4F01973FD4800EEBF7A /* AppDelegate.m */,
				F192F4F21973FD4800EEBF7A /* Main.storyboard */,
				F192F4F51973FD4800EEBF7A /* ViewController.h */,
				F192F4F61973FD4800EEBF7A /* ViewController.m */,
				F192F5151973FD6C00EEBF7A /* GrayPageControl.h */,
				F192F5161973FD6C00EEBF7A /* GrayPageControl.m */,
				F192F5181973FD9C00EEBF7A /* inactive_page_image.png */,
				F192F5191973FD9C00EEBF7A /* inactive_page_image@2x.png */,
				F192F5601974086B00EEBF7A /* active_page_image.png */,
				F192F5611974086B00EEBF7A /* active_page_image@2x.png */,
				F192F4F81973FD4800EEBF7A /* Images.xcassets */,
				F192F4E71973FD4800EEBF7A /* Supporting Files */,
			);
			path = PageControlDemo;
			sourceTree = "<group>";
		};
		F192F4E71973FD4800EEBF7A /* Supporting Files */ = {
			isa = PBXGroup;
			children = (
				F192F4E81973FD4800EEBF7A /* PageControlDemo-Info.plist */,
				F192F4E91973FD4800EEBF7A /* InfoPlist.strings */,
				F192F4EC1973FD4800EEBF7A /* main.m */,
				F192F4EE1973FD4800EEBF7A /* PageControlDemo-Prefix.pch */,
			);
			name = "Supporting Files";
			sourceTree = "<group>";
		};
		F192F5051973FD4900EEBF7A /* PageControlDemoTests */ = {
			isa = PBXGroup;
			children = (
				F192F50B1973FD4900EEBF7A /* PageControlDemoTests.m */,
				F192F5061973FD4900EEBF7A /* Supporting Files */,
			);
			path = PageControlDemoTests;
			sourceTree = "<group>";
		};
		F192F5061973FD4900EEBF7A /* Supporting Files */ = {
			isa = PBXGroup;
			children = (
				F192F5071973FD4900EEBF7A /* PageControlDemoTests-Info.plist */,
				F192F5081973FD4900EEBF7A /* InfoPlist.strings */,
			);
			name = "Supporting Files";
			sourceTree = "<group>";
		};
/* End PBXGroup section */

/* Begin PBXNativeTarget section */
		F192F4DC1973FD4800EEBF7A /* PageControlDemo */ = {
			isa = PBXNativeTarget;
			buildConfigurationList = F192F50F1973FD4900EEBF7A /* Build configuration list for PBXNativeTarget "PageControlDemo" */;
			buildPhases = (
				F192F4D91973FD4800EEBF7A /* Sources */,
				F192F4DA1973FD4800EEBF7A /* Frameworks */,
				F192F4DB1973FD4800EEBF7A /* Resources */,
			);
			buildRules = (
			);
			dependencies = (
			);
			name = PageControlDemo;
			productName = PageControlDemo;
			productReference = F192F4DD1973FD4800EEBF7A /* PageControlDemo.app */;
			productType = "com.apple.product-type.application";
		};
		F192F4FD1973FD4900EEBF7A /* PageControlDemoTests */ = {
			isa = PBXNativeTarget;
			buildConfigurationList = F192F5121973FD4900EEBF7A /* Build configuration list for PBXNativeTarget "PageControlDemoTests" */;
			buildPhases = (
				F192F4FA1973FD4900EEBF7A /* Sources */,
				F192F4FB1973FD4900EEBF7A /* Frameworks */,
				F192F4FC1973FD4900EEBF7A /* Resources */,
			);
			buildRules = (
			);
			dependencies = (
				F192F5041973FD4900EEBF7A /* PBXTargetDependency */,
			);
			name = PageControlDemoTests;
			productName = PageControlDemoTests;
			productReference = F192F4FE1973FD4900EEBF7A /* PageControlDemoTests.xctest */;
			productType = "com.apple.product-type.bundle.unit-test";
		};
/* End PBXNativeTarget section */

/* Begin PBXProject section */
		F192F4D51973FD4800EEBF7A /* Project object */ = {
			isa = PBXProject;
			attributes = {
				LastUpgradeCheck = 0510;
				ORGANIZATIONNAME = vols;
				TargetAttributes = {
					F192F4FD1973FD4900EEBF7A = {
						TestTargetID = F192F4DC1973FD4800EEBF7A;
					};
				};
			};
			buildConfigurationList = F192F4D81973FD4800EEBF7A /* Build configuration list for PBXProject "PageControlDemo" */;
			compatibilityVersion = "Xcode 3.2";
			developmentRegion = English;
			hasScannedForEncodings = 0;
			knownRegions = (
				en,
				Base,
			);
			mainGroup = F192F4D41973FD4800EEBF7A;
			productRefGroup = F192F4DE1973FD4800EEBF7A /* Products */;
			projectDirPath = "";
			projectRoot = "";
			targets = (
				F192F4DC1973FD4800EEBF7A /* PageControlDemo */,
				F192F4FD1973FD4900EEBF7A /* PageControlDemoTests */,
			);
		};
/* End PBXProject section */

/* Begin PBXResourcesBuildPhase section */
		F192F4DB1973FD4800EEBF7A /* Resources */ = {
			isa = PBXResourcesBuildPhase;
			buildActionMask = 2147483647;
			files = (
				F192F5621974086B00EEBF7A /* active_page_image.png in Resources */,
				F192F51B1973FD9C00EEBF7A /* inactive_page_image@2x.png in Resources */,
				F192F4F91973FD4800EEBF7A /* Images.xcassets in Resources */,
				F192F4EB1973FD4800EEBF7A /* InfoPlist.strings in Resources */,
				F192F5631974086B00EEBF7A /* active_page_image@2x.png in Resources */,
				F192F4F41973FD4800EEBF7A /* Main.storyboard in Resources */,
				F192F51A1973FD9C00EEBF7A /* inactive_page_image.png in Resources */,
			);
			runOnlyForDeploymentPostprocessing = 0;
		};
		F192F4FC1973FD4900EEBF7A /* Resources */ = {
			isa = PBXResourcesBuildPhase;
			buildActionMask = 2147483647;
			files = (
				F192F50A1973FD4900EEBF7A /* InfoPlist.strings in Resources */,
			);
			runOnlyForDeploymentPostprocessing = 0;
		};
/* End PBXResourcesBuildPhase section */

/* Begin PBXSourcesBuildPhase section */
		F192F4D91973FD4800EEBF7A /* Sources */ = {
			isa = PBXSourcesBuildPhase;
			buildActionMask = 2147483647;
			files = (
				F192F4F71973FD4800EEBF7A /* ViewController.m in Sources */,
				F192F5171973FD6C00EEBF7A /* GrayPageControl.m in Sources */,
				F192F4F11973FD4800EEBF7A /* AppDelegate.m in Sources */,
				F192F4ED1973FD4800EEBF7A /* main.m in Sources */,
			);
			runOnlyForDeploymentPostprocessing = 0;
		};
		F192F4FA1973FD4900EEBF7A /* Sources */ = {
			isa = PBXSourcesBuildPhase;
			buildActionMask = 2147483647;
			files = (
				F192F50C1973FD4900EEBF7A /* PageControlDemoTests.m in Sources */,
			);
			runOnlyForDeploymentPostprocessing = 0;
		};
/* End PBXSourcesBuildPhase section */

/* Begin PBXTargetDependency section */
		F192F5041973FD4900EEBF7A /* PBXTargetDependency */ = {
			isa = PBXTargetDependency;
			target = F192F4DC1973FD4800EEBF7A /* PageControlDemo */;
			targetProxy = F192F5031973FD4900EEBF7A /* PBXContainerItemProxy */;
		};
/* End PBXTargetDependency section */

/* Begin PBXVariantGroup section */
		F192F4E91973FD4800EEBF7A /* InfoPlist.strings */ = {
			isa = PBXVariantGroup;
			children = (
				F192F4EA1973FD4800EEBF7A /* en */,
			);
			name = InfoPlist.strings;
			sourceTree = "<group>";
		};
		F192F4F21973FD4800EEBF7A /* Main.storyboard */ = {
			isa = PBXVariantGroup;
			children = (
				F192F4F31973FD4800EEBF7A /* Base */,
			);
			name = Main.storyboard;
			sourceTree = "<group>";
		};
		F192F5081973FD4900EEBF7A /* InfoPlist.strings */ = {
			isa = PBXVariantGroup;
			children = (
				F192F5091973FD4900EEBF7A /* en */,
			);
			name = InfoPlist.strings;
			sourceTree = "<group>";
		};
/* End PBXVariantGroup section */

/* Begin XCBuildConfiguration section */
		F192F50D1973FD4900EEBF7A /* Debug */ = {
			isa = XCBuildConfiguration;
			buildSettings = {
				ALWAYS_SEARCH_USER_PATHS = NO;
				CLANG_CXX_LANGUAGE_STANDARD = "gnu++0x";
				CLANG_CXX_LIBRARY = "libc++";
				CLANG_ENABLE_MODULES = YES;
				CLANG_ENABLE_OBJC_ARC = YES;
				CLANG_WARN_BOOL_CONVERSION = YES;
				CLANG_WARN_CONSTANT_CONVERSION = YES;
				CLANG_WARN_DIRECT_OBJC_ISA_USAGE = YES_ERROR;
				CLANG_WARN_EMPTY_BODY = YES;
				CLANG_WARN_ENUM_CONVERSION = YES;
				CLANG_WARN_INT_CONVERSION = YES;
				CLANG_WARN_OBJC_ROOT_CLASS = YES_ERROR;
				CLANG_WARN__DUPLICATE_METHOD_MATCH = YES;
				"CODE_SIGN_IDENTITY[sdk=iphoneos*]" = "iPhone Developer";
				COPY_PHASE_STRIP = NO;
				GCC_C_LANGUAGE_STANDARD = gnu99;
				GCC_DYNAMIC_NO_PIC = NO;
				GCC_OPTIMIZATION_LEVEL = 0;
				GCC_PREPROCESSOR_DEFINITIONS = (
					"DEBUG=1",
					"$(inherited)",
				);
				GCC_SYMBOLS_PRIVATE_EXTERN = NO;
				GCC_WARN_64_TO_32_BIT_CONVERSION = YES;
				GCC_WARN_ABOUT_RETURN_TYPE = YES_ERROR;
				GCC_WARN_UNDECLARED_SELECTOR = YES;
				GCC_WARN_UNINITIALIZED_AUTOS = YES_AGGRESSIVE;
				GCC_WARN_UNUSED_FUNCTION = YES;
				GCC_WARN_UNUSED_VARIABLE = YES;
				IPHONEOS_DEPLOYMENT_TARGET = 7.1;
				ONLY_ACTIVE_ARCH = YES;
				SDKROOT = iphoneos;
			};
			name = Debug;
		};
		F192F50E1973FD4900EEBF7A /* Release */ = {
			isa = XCBuildConfiguration;
			buildSettings = {
				ALWAYS_SEARCH_USER_PATHS = NO;
				CLANG_CXX_LANGUAGE_STANDARD = "gnu++0x";
				CLANG_CXX_LIBRARY = "libc++";
				CLANG_ENABLE_MODULES = YES;
				CLANG_ENABLE_OBJC_ARC = YES;
				CLANG_WARN_BOOL_CONVERSION = YES;
				CLANG_WARN_CONSTANT_CONVERSION = YES;
				CLANG_WARN_DIRECT_OBJC_ISA_USAGE = YES_ERROR;
				CLANG_WARN_EMPTY_BODY = YES;
				CLANG_WARN_ENUM_CONVERSION = YES;
				CLANG_WARN_INT_CONVERSION = YES;
				CLANG_WARN_OBJC_ROOT_CLASS = YES_ERROR;
				CLANG_WARN__DUPLICATE_METHOD_MATCH = YES;
				"CODE_SIGN_IDENTITY[sdk=iphoneos*]" = "iPhone Developer";
				COPY_PHASE_STRIP = YES;
				ENABLE_NS_ASSERTIONS = NO;
				GCC_C_LANGUAGE_STANDARD = gnu99;
				GCC_WARN_64_TO_32_BIT_CONVERSION = YES;
				GCC_WARN_ABOUT_RETURN_TYPE = YES_ERROR;
				GCC_WARN_UNDECLARED_SELECTOR = YES;
				GCC_WARN_UNINITIALIZED_AUTOS = YES_AGGRESSIVE;
				GCC_WARN_UNUSED_FUNCTION = YES;
				GCC_WARN_UNUSED_VARIABLE = YES;
				IPHONEOS_DEPLOYMENT_TARGET = 7.1;
				SDKROOT = iphoneos;
				VALIDATE_PRODUCT = YES;
			};
			name = Release;
		};
		F192F5101973FD4900EEBF7A /* Debug */ = {
			isa = XCBuildConfiguration;
			buildSettings = {
				ASSETCATALOG_COMPILER_APPICON_NAME = AppIcon;
				ASSETCATALOG_COMPILER_LAUNCHIMAGE_NAME = LaunchImage;
				GCC_PRECOMPILE_PREFIX_HEADER = YES;
				GCC_PREFIX_HEADER = "PageControlDemo/PageControlDemo-Prefix.pch";
				INFOPLIST_FILE = "PageControlDemo/PageControlDemo-Info.plist";
				PRODUCT_NAME = "$(TARGET_NAME)";
				WRAPPER_EXTENSION = app;
			};
			name = Debug;
		};
		F192F5111973FD4900EEBF7A /* Release */ = {
			isa = XCBuildConfiguration;
			buildSettings = {
				ASSETCATALOG_COMPILER_APPICON_NAME = AppIcon;
				ASSETCATALOG_COMPILER_LAUNCHIMAGE_NAME = LaunchImage;
				GCC_PRECOMPILE_PREFIX_HEADER = YES;
				GCC_PREFIX_HEADER = "PageControlDemo/PageControlDemo-Prefix.pch";
				INFOPLIST_FILE = "PageControlDemo/PageControlDemo-Info.plist";
				PRODUCT_NAME = "$(TARGET_NAME)";
				WRAPPER_EXTENSION = app;
			};
			name = Release;
		};
		F192F5131973FD4900EEBF7A /* Debug */ = {
			isa = XCBuildConfiguration;
			buildSettings = {
				BUNDLE_LOADER = "$(BUILT_PRODUCTS_DIR)/PageControlDemo.app/PageControlDemo";
				FRAMEWORK_SEARCH_PATHS = (
					"$(SDKROOT)/Developer/Library/Frameworks",
					"$(inherited)",
					"$(DEVELOPER_FRAMEWORKS_DIR)",
				);
				GCC_PRECOMPILE_PREFIX_HEADER = YES;
				GCC_PREFIX_HEADER = "PageControlDemo/PageControlDemo-Prefix.pch";
				GCC_PREPROCESSOR_DEFINITIONS = (
					"DEBUG=1",
					"$(inherited)",
				);
				INFOPLIST_FILE = "PageControlDemoTests/PageControlDemoTests-Info.plist";
				PRODUCT_NAME = "$(TARGET_NAME)";
				TEST_HOST = "$(BUNDLE_LOADER)";
				WRAPPER_EXTENSION = xctest;
			};
			name = Debug;
		};
		F192F5141973FD4900EEBF7A /* Release */ = {
			isa = XCBuildConfiguration;
			buildSettings = {
				BUNDLE_LOADER = "$(BUILT_PRODUCTS_DIR)/PageControlDemo.app/PageControlDemo";
				FRAMEWORK_SEARCH_PATHS = (
					"$(SDKROOT)/Developer/Library/Frameworks",
					"$(inherited)",
					"$(DEVELOPER_FRAMEWORKS_DIR)",
				);
				GCC_PRECOMPILE_PREFIX_HEADER = YES;
				GCC_PREFIX_HEADER = "PageControlDemo/PageControlDemo-Prefix.pch";
				INFOPLIST_FILE = "PageControlDemoTests/PageControlDemoTests-Info.plist";
				PRODUCT_NAME = "$(TARGET_NAME)";
				TEST_HOST = "$(BUNDLE_LOADER)";
				WRAPPER_EXTENSION = xctest;
			};
			name = Release;
		};
/* End XCBuildConfiguration section */

/* Begin XCConfigurationList section */
		F192F4D81973FD4800EEBF7A /* Build configuration list for PBXProject "PageControlDemo" */ = {
			isa = XCConfigurationList;
			buildConfigurations = (
				F192F50D1973FD4900EEBF7A /* Debug */,
				F192F50E1973FD4900EEBF7A /* Release */,
			);
			defaultConfigurationIsVisible = 0;
			defaultConfigurationName = Release;
		};
		F192F50F1973FD4900EEBF7A /* Build configuration list for PBXNativeTarget "PageControlDemo" */ = {
			isa = XCConfigurationList;
			buildConfigurations = (
				F192F5101973FD4900EEBF7A /* Debug */,
				F192F5111973FD4900EEBF7A /* Release */,
			);
			defaultConfigurationIsVisible = 0;
		};
		F192F5121973FD4900EEBF7A /* Build configuration list for PBXNativeTarget "PageControlDemoTests" */ = {
			isa = XCConfigurationList;
			buildConfigurations = (
				F192F5131973FD4900EEBF7A /* Debug */,
				F192F5141973FD4900EEBF7A /* Release */,
			);
			defaultConfigurationIsVisible = 0;
		};
/* End XCConfigurationList section */
	};
	rootObject = F192F4D51973FD4800EEBF7A /* Project object */;
}
